{
  "version": "2",
  "remote": {
    "https://jspm.dev/autoprefixer": "4d9e07ce313db386c8f17b99faaf246f8fbced19cd41c166c1b6b3e536f81955",
    "https://jspm.dev/npm:@jspm/core@2.0.1/_/0545670c.js": "468e254a0e5f7801333f217fcee046141186bd0a960018c893d73910bd754b71",
    "https://jspm.dev/npm:@jspm/core@2.0.1/_/3fe460d2.js": "991599d7a4ccc93f3dc0808aa706e713fd80a80fc8d21ec1fd28a96832030572",
    "https://jspm.dev/npm:@jspm/core@2.0.1/_/57403c48.js": "3fa9c20fb03311a58a652563a4c935f6e7666113d2f725a6458893bfbac75e5f",
    "https://jspm.dev/npm:@jspm/core@2.0.1/_/633ae550.js": "65a4b416c1a22251ee020c55496de44a08ae247d4108898dfc0f4753df829fc5",
    "https://jspm.dev/npm:@jspm/core@2.0.1/_/8dc3f476.js": "55ff556fbd358ec01e78b1bc31d4d22baf1479046e42ea17f712b58ea96ba535",
    "https://jspm.dev/npm:@jspm/core@2.0.1/_/8ddf35de.js": "c05f3a1431f18571f87b59b7d3cda65c8983712c9b424b5574623975dcc68863",
    "https://jspm.dev/npm:@jspm/core@2.0.1/_/a17f45f2.js": "a36e172b43861a826c2258b8735525a1b13eb59c198ee808b016586d02dab38f",
    "https://jspm.dev/npm:@jspm/core@2.0.1/_/a421dfba.js": "ec016925d8e0ec5e5b56c0847212c1113edce320f5f6920d241ee00ee115d172",
    "https://jspm.dev/npm:@jspm/core@2.0.1/_/c5b352d6.js": "991006a876c2c17414e1884022c7c96a5cbe9a4fc9ec1abd717ac3d0ee7d4c55",
    "https://jspm.dev/npm:@jspm/core@2.0.1/_/cb95b980.js": "e20e42c770070c4326cb18192218b59e90a5378cdc57897f0c5f3b99ae054f07",
    "https://jspm.dev/npm:@jspm/core@2.0.1/_/e0803811.js": "1f6fe590fd0eeb59d9911633c388a4d97bea171f10ad260bc63b6702eb6d2e25",
    "https://jspm.dev/npm:@jspm/core@2.0.1/nodelibs/assert": "d10535eedc33c732428f71cd82f4a0caf0e74fec90d6bd7c3535a8ea4389a5ce",
    "https://jspm.dev/npm:@jspm/core@2.0.1/nodelibs/buffer": "f6bd0a893f7d7d48422389dc81a2923809fbd24c2d6352c7f4bdd29dcad7154b",
    "https://jspm.dev/npm:@jspm/core@2.0.1/nodelibs/events": "e5cc37092fddd5ac75814ca2a779eda7977ef43b0b410d90c8f9323f89d80cb4",
    "https://jspm.dev/npm:@jspm/core@2.0.1/nodelibs/fs": "721ba251d28f561ab8b04b57938cba82b702b821bdf027b0f0c00bd7f94d3cdd",
    "https://jspm.dev/npm:@jspm/core@2.0.1/nodelibs/path": "3eefa6fbe73189ade0710d6dc4c725be27f0496cb5371d59c0a16b84be17e0cb",
    "https://jspm.dev/npm:@jspm/core@2.0.1/nodelibs/process": "1d9259731556e49ecd4ce8180667577a1bdc68844dc89a5a1e71d34cad4a455d",
    "https://jspm.dev/npm:@jspm/core@2.0.1/nodelibs/stream": "bbc5a30284349f7be148a0a9e81fbdf30d52abaf9b155554abce757bdffac50a",
    "https://jspm.dev/npm:@jspm/core@2.0.1/nodelibs/url": "3d7ca846b3826a38b6b6596e04446f053bcadb71b818a28333e620afd119fef7",
    "https://jspm.dev/npm:@jspm/core@2.0.1/nodelibs/util": "f22fa23c828774618e6f8705ce6705f5a4e1d939efc98af445805d6d9a9e4a44",
    "https://jspm.dev/npm:@jspm/core@2/nodelibs/buffer": "229bdbb9a5042d5977545e4ff66f49e866bf7103f4df4a7b60af203625ac60b0",
    "https://jspm.dev/npm:@jspm/core@2/nodelibs/fs": "9281dd30f0fbcfc282a5c235d54ed502166d109171380db7a609480e10e9627b",
    "https://jspm.dev/npm:@jspm/core@2/nodelibs/path": "5216638da3b96090d01ef829eeb4b271c3da699e8db06655ef6452315999bd76",
    "https://jspm.dev/npm:@jspm/core@2/nodelibs/process": "2b4c3a7c167d15d326b5e420b8a9f9c6ab7e1fedcfd1910b9b5a25ed5bb43579",
    "https://jspm.dev/npm:@jspm/core@2/nodelibs/url": "4f9b3efc61540c0883c3a60693d3fdd83557bc1b0532ec313c0515174492d480",
    "https://jspm.dev/npm:autoprefixer@10.4.14!cjs": "9e43b0500927645db2be48eeb959b6cc68146196220d7d649c83eb1d2641ec46",
    "https://jspm.dev/npm:autoprefixer@10.4.14/_/caeb539c.js": "19039fd0b9a5eafa72e4cf80c2e0fbac5ab875bf74081f2dd07a876da1ae21ab",
    "https://jspm.dev/npm:autoprefixer@10.4.14/lib/prefixes!cjs": "c26a3dcfc980dddf13cfecf9a8541db66a1a11c470c75047d1f194b181bf0c00",
    "https://jspm.dev/npm:browserslist@4!cjs": "7d71234fd39c79c116c2aa93a4cfae0dda54f9907653e292412fcc86bc97508b",
    "https://jspm.dev/npm:browserslist@4.21.5!cjs": "617e4f8dc16513a2f37366b0e0363a14a41d52b5b2a86c7ff5ad0516f545d431",
    "https://jspm.dev/npm:browserslist@4.21.5/_/e3bfc618.js": "f6bcbf7f13bb6ffbb391234d918542601e443fbb33121ed4d50f688e091d57e6",
    "https://jspm.dev/npm:browserslist@4.21.5/error!cjs": "7eb9e42a43fc89e7218d096323517167f37b6aac6fe4719a82528483fa836964",
    "https://jspm.dev/npm:browserslist@4.21.5/node!cjs": "e7a2e9f157ce3dd10dac1ae390c32b557bd0d9b8462dfbbdc7e9d96d7706546e",
    "https://jspm.dev/npm:caniuse-lite@1.0.30001488/_/b9dad368.js": "db9110c86acb3c7e2276cd014c62d996fd4153b9a54566a4c48485ee35b12385",
    "https://jspm.dev/npm:caniuse-lite@1.0.30001488/_/f1decc1a.js": "fe1bee333e7206c428f1fa05c42379cef099166ca3a8c41b67fa3dec5bc9c855",
    "https://jspm.dev/npm:caniuse-lite@1.0.30001488/data/features/background-clip-text!cjs": "ea2d88a41355bac2a7b3fe64df6c78477e4153747b1b9f033e42d86455f9dc15",
    "https://jspm.dev/npm:caniuse-lite@1.0.30001488/data/features/background-img-opts!cjs": "a8adf915c7c5bd9b132500ab0e945de2a778ea03ac7f85259ea114287e0300ae",
    "https://jspm.dev/npm:caniuse-lite@1.0.30001488/data/features/border-image!cjs": "898cfd6aa4c8b3c188c717677d453ef83e388dc3bb0a5a8032cb58b905ba8d3c",
    "https://jspm.dev/npm:caniuse-lite@1.0.30001488/data/features/border-radius!cjs": "e9b769cbd2d48559bbc4c60dcfcee0f9ad392478a6ed7d64890db8d6cb455f7c",
    "https://jspm.dev/npm:caniuse-lite@1.0.30001488/data/features/calc!cjs": "e7bf92c781d670d0461aa6bb4393b865706873b16a72033678bc100bfbc70706",
    "https://jspm.dev/npm:caniuse-lite@1.0.30001488/data/features/css-animation!cjs": "7ff82caac85e8f7f821fe0abc9ce0767fa8c2b6ac71038abc741500aacac43c0",
    "https://jspm.dev/npm:caniuse-lite@1.0.30001488/data/features/css-any-link!cjs": "6f44bb5ee3d883bb24c940263371ea7c159eb8c025850c03bb8fc85c435cc20e",
    "https://jspm.dev/npm:caniuse-lite@1.0.30001488/data/features/css-appearance!cjs": "be9a5bb714f5b9cec3342437f7c16a1e5fc2caf4b300f349966520073fc684b6",
    "https://jspm.dev/npm:caniuse-lite@1.0.30001488/data/features/css-autofill!cjs": "e954749c87d359a73ca27d7701a603682eafb7e8c3971f87341d16522021e3cc",
    "https://jspm.dev/npm:caniuse-lite@1.0.30001488/data/features/css-backdrop-filter!cjs": "b16d65f77f0fea243e921c31984ed37d8290638ca4acc61df7705447e4ed8402",
    "https://jspm.dev/npm:caniuse-lite@1.0.30001488/data/features/css-boxdecorationbreak!cjs": "4f699c0e2d07f296ac09a1673f113054025b7f5f41249088a5b5f825269339b6",
    "https://jspm.dev/npm:caniuse-lite@1.0.30001488/data/features/css-boxshadow!cjs": "83ea41d56bd7388ba110523ada2e8a0be66db5f5fd6d37e3d3be9c9c0500952b",
    "https://jspm.dev/npm:caniuse-lite@1.0.30001488/data/features/css-clip-path!cjs": "6566e5a838484c999993e050d49398947edc3fefb8a0912c9b28550dd39fad4e",
    "https://jspm.dev/npm:caniuse-lite@1.0.30001488/data/features/css-crisp-edges!cjs": "212a0af2ad09ecf6c3badab2fb67af9a541442d4216930af4a8761243deb8772",
    "https://jspm.dev/npm:caniuse-lite@1.0.30001488/data/features/css-cross-fade!cjs": "c8ede504f728737c85e048781db9ed3706c553b2d50b3f7b6396ba3b0396cfe4",
    "https://jspm.dev/npm:caniuse-lite@1.0.30001488/data/features/css-deviceadaptation!cjs": "3de719af72dc10555f00391e8478d387532d8dfc73ab6477617c8dfaa8a55289",
    "https://jspm.dev/npm:caniuse-lite@1.0.30001488/data/features/css-element-function!cjs": "8298a26b8bc7167f6694937b4eed75dd6bbe183efe2f184cd4322d19b7840dcb",
    "https://jspm.dev/npm:caniuse-lite@1.0.30001488/data/features/css-featurequeries.js!cjs": "8c8b1dd02d36956b83a2a17a99dca887bff27b4892506d4332149de5710ff22e",
    "https://jspm.dev/npm:caniuse-lite@1.0.30001488/data/features/css-file-selector-button!cjs": "4e1726bcaa50f155b23f396216cc7be4ddddec92f1317ec434a15de1e5bd91dc",
    "https://jspm.dev/npm:caniuse-lite@1.0.30001488/data/features/css-filter-function!cjs": "1480a4c0c686d5b823edc4ae86f3c833f20f0ea419763585da7bae63bc0c9816",
    "https://jspm.dev/npm:caniuse-lite@1.0.30001488/data/features/css-filters!cjs": "4079773dc0d3431d6220a9a755f0217c5628e166196b66a300a232ca3f62bd0a",
    "https://jspm.dev/npm:caniuse-lite@1.0.30001488/data/features/css-gradients!cjs": "59f613595ff4c12ea5a42426ebebb913d8ed973f04b95a401fc0aac193385ddb",
    "https://jspm.dev/npm:caniuse-lite@1.0.30001488/data/features/css-grid!cjs": "4bf84aff49eb23915f891f60c69cbe3c30e23a14183a2b0a45f366912af3a4a5",
    "https://jspm.dev/npm:caniuse-lite@1.0.30001488/data/features/css-hyphens!cjs": "33490f9aa98a87849eb62bfe5829d00e16bee6759ef11ae47da169b3da18d39a",
    "https://jspm.dev/npm:caniuse-lite@1.0.30001488/data/features/css-image-set!cjs": "63e3f7b15c4f1b407d08d18e57a6b74dc50aece20f2875d943e7b2598040b424",
    "https://jspm.dev/npm:caniuse-lite@1.0.30001488/data/features/css-logical-props!cjs": "39e82aa5fb2f1ae6dda7a3dd41121ea5bf71c9fb8bad75c3af7663b4aad6f2ec",
    "https://jspm.dev/npm:caniuse-lite@1.0.30001488/data/features/css-masks!cjs": "1097688915b00ac48c43daa418f24c4c672fc56601e277d5371fde67ba9b96f3",
    "https://jspm.dev/npm:caniuse-lite@1.0.30001488/data/features/css-media-resolution!cjs": "91460f075cfd12630a04af95d787c411b44d9c75693f499504d292525568922a",
    "https://jspm.dev/npm:caniuse-lite@1.0.30001488/data/features/css-overscroll-behavior!cjs": "088953fa99915d0babe6eaf4156bd861a7ffb3855b9e6c8ef6a96c88ee16ab22",
    "https://jspm.dev/npm:caniuse-lite@1.0.30001488/data/features/css-placeholder!cjs": "7dd400dc6e5a7e32b1e5d5f8fc8873558afad9d8bf6a519405b7b8e87b2e20cb",
    "https://jspm.dev/npm:caniuse-lite@1.0.30001488/data/features/css-placeholder-shown!cjs": "f49480a8fd8c8e91abac8871dfc437d20f972339fabba9dae6040b93b92aa6be",
    "https://jspm.dev/npm:caniuse-lite@1.0.30001488/data/features/css-print-color-adjust!cjs": "4f6d7b60d1d3d9e3b381f468e4bdf24f8487cc072492e2d0a0dff577bcb4d81f",
    "https://jspm.dev/npm:caniuse-lite@1.0.30001488/data/features/css-read-only-write!cjs": "babbd498f049f73dac58179380e00080bfd3b89679c40fba464420212e8aaee5",
    "https://jspm.dev/npm:caniuse-lite@1.0.30001488/data/features/css-regions!cjs": "c699c8c583af8ad5a819aca8f751e5c2e28d3b3b917f478f9cda066284b3e18b",
    "https://jspm.dev/npm:caniuse-lite@1.0.30001488/data/features/css-selection!cjs": "2796c03de36756572b44dbc32f3b30236a09aa10f14cae7c3b0e594dd7b9ce7e",
    "https://jspm.dev/npm:caniuse-lite@1.0.30001488/data/features/css-shapes!cjs": "c5e74b75fab8203e50f35f701755551767dbc06137bc88698681b6e4076338c0",
    "https://jspm.dev/npm:caniuse-lite@1.0.30001488/data/features/css-snappoints!cjs": "c7355e7cbd51df60f34bfd304acef09727759941991204eccf78f62dadefec1e",
    "https://jspm.dev/npm:caniuse-lite@1.0.30001488/data/features/css-sticky!cjs": "a5edb957a2e4b0aaaf3837615c46665ca387be23afa2f84067b92a08e4d2bcd5",
    "https://jspm.dev/npm:caniuse-lite@1.0.30001488/data/features/css-text-align-last!cjs": "fc9586e2576049e784d9617af17d3efa3a97d5d1c88205c9349d8a98c1d6c861",
    "https://jspm.dev/npm:caniuse-lite@1.0.30001488/data/features/css-text-orientation!cjs": "de03fac77e126174834e1668e830cd4e2497a06d31b4887d15b04156a2fa68be",
    "https://jspm.dev/npm:caniuse-lite@1.0.30001488/data/features/css-text-spacing!cjs": "969bba74e1421b2474f6c6f8784771d1f5fe3e9e25277b7ca73c7f5c2350e81a",
    "https://jspm.dev/npm:caniuse-lite@1.0.30001488/data/features/css-transitions!cjs": "9672af20b9ce795f0090e14a8ed3929c6a7565e93dadf68edbc05747f0c71e6f",
    "https://jspm.dev/npm:caniuse-lite@1.0.30001488/data/features/css-width-stretch!cjs": "edade8c09403d7ba5381c1f39d5635eda4d89d2f7f538f6a3076fc535984bc7f",
    "https://jspm.dev/npm:caniuse-lite@1.0.30001488/data/features/css-writing-mode!cjs": "98e38e2017d99c1fb261f4f6eddd766b3ae0150940ec0d3357d2b0d050e2efda",
    "https://jspm.dev/npm:caniuse-lite@1.0.30001488/data/features/css3-boxsizing!cjs": "1a8c9bfb2215d1a10320ecf49bf07f345e71f0fc259b0ed0bd20f29a6e66b941",
    "https://jspm.dev/npm:caniuse-lite@1.0.30001488/data/features/css3-cursors-grab!cjs": "9f17e0010d3b71249bdb75de09feeaa47afe099e685c24d51e20d4b751038ba0",
    "https://jspm.dev/npm:caniuse-lite@1.0.30001488/data/features/css3-cursors-newer!cjs": "5a0e45b9815960bc160118a980a6e3d5aab8cc47f484e932cccf03e9d146473d",
    "https://jspm.dev/npm:caniuse-lite@1.0.30001488/data/features/css3-tabsize!cjs": "5dc60b4237caca9f5aa2e418374ff20d68bb96e99ad4126c5bb089f8c204f865",
    "https://jspm.dev/npm:caniuse-lite@1.0.30001488/data/features/flexbox!cjs": "97adc957818fad63df55680ead4cf04a4928566cf044729e56eb502b221ebe39",
    "https://jspm.dev/npm:caniuse-lite@1.0.30001488/data/features/font-feature!cjs": "eb3c59bad9784646043e67ef2fe698710ff39b964799c1aafa16edd8e8ab0aa9",
    "https://jspm.dev/npm:caniuse-lite@1.0.30001488/data/features/font-kerning!cjs": "ad7deccf0d11c1f15e47589ceb1ccf83996fc0faca10c500d609ca77575f3e00",
    "https://jspm.dev/npm:caniuse-lite@1.0.30001488/data/features/fullscreen!cjs": "b41ede68466e3c9ca0d89663fd89eeac2ceff035a3828556d0611767961ac409",
    "https://jspm.dev/npm:caniuse-lite@1.0.30001488/data/features/intrinsic-width!cjs": "ea9f2567e8bfc51b6e0555f1f883507c57bb10fdfa94a467b54ee28d6ca5f471",
    "https://jspm.dev/npm:caniuse-lite@1.0.30001488/data/features/mdn-css-unicode-bidi-isolate!cjs": "c2c04c27b7ab452240ab7ab66727f7c439bcbb5e1c2b2e026d81a99b8b5d2573",
    "https://jspm.dev/npm:caniuse-lite@1.0.30001488/data/features/mdn-css-unicode-bidi-isolate-override!cjs": "12e44684a307389a7f5781cdb208c0cd02a95f6d752356d49eb5c2c0a0ebb441",
    "https://jspm.dev/npm:caniuse-lite@1.0.30001488/data/features/mdn-css-unicode-bidi-plaintext!cjs": "6d571e090dc8b359e4209f3bcfc3de3687a5d89c4730680b82eb07282b510891",
    "https://jspm.dev/npm:caniuse-lite@1.0.30001488/data/features/mdn-text-decoration-color!cjs": "47c4e8c5858c62be17225359f5c76a8fe4d79c94838bbfcd59290fc599a54800",
    "https://jspm.dev/npm:caniuse-lite@1.0.30001488/data/features/mdn-text-decoration-line!cjs": "2f55b3be3e6499ec87d9dbb37cde81920fda6ed495d4209528ffb33cf87458dd",
    "https://jspm.dev/npm:caniuse-lite@1.0.30001488/data/features/mdn-text-decoration-shorthand!cjs": "9d3e0e32d14b75cd98c5ff0741c3beeb49964b6271fdb42b4a28ba0230cfc064",
    "https://jspm.dev/npm:caniuse-lite@1.0.30001488/data/features/mdn-text-decoration-style!cjs": "b55ce4ac21e7e6ef228ebb62802d51912482bc0155b08f8c5ee4767ac4a0df90",
    "https://jspm.dev/npm:caniuse-lite@1.0.30001488/data/features/multicolumn!cjs": "f7b172691bed447cfbe714bb3f327d5df5c0ebbc47e7cdf07bb05dfdbd644be0",
    "https://jspm.dev/npm:caniuse-lite@1.0.30001488/data/features/object-fit!cjs": "97ac14a0180bc52ce5edba770730fd580360c7a34d7dc154f86103a79f9b7ef2",
    "https://jspm.dev/npm:caniuse-lite@1.0.30001488/data/features/pointer!cjs": "8c641a5d1bbd70d79efbc52a74d3b1ada8a8df775af7631eac03f621d6a770f5",
    "https://jspm.dev/npm:caniuse-lite@1.0.30001488/data/features/text-decoration!cjs": "c33bd6f0b21f7bccbd136644c7813a97189f2ae52ca66fbb76704e05c339b6ef",
    "https://jspm.dev/npm:caniuse-lite@1.0.30001488/data/features/text-emphasis!cjs": "af3e16b7ba6e3fd9d6e99ba947c2d24e58711aff92c271c89b7f171f0d5b5c4f",
    "https://jspm.dev/npm:caniuse-lite@1.0.30001488/data/features/text-overflow!cjs": "07722ba218205bc3b1fb1a6465fb35ddfb953bb3c408c404cf0e4242bfbb6d72",
    "https://jspm.dev/npm:caniuse-lite@1.0.30001488/data/features/text-size-adjust!cjs": "cf59996ef53ce0d33d9d4674874e28a3f194d4f2576b6728bb6f454448b987e5",
    "https://jspm.dev/npm:caniuse-lite@1.0.30001488/data/features/transforms2d!cjs": "1ba697df4b9e4edf95b0288022591eda33263b7b1f485fee7a626633a70f2f17",
    "https://jspm.dev/npm:caniuse-lite@1.0.30001488/data/features/transforms3d!cjs": "1fb25793cbae2398f066cd14ae18dfd09c14121bc48f905755268d97f183804e",
    "https://jspm.dev/npm:caniuse-lite@1.0.30001488/data/features/user-select-none!cjs": "451c1b20258a01541fb9c4203c55f73d6b86b1065655372187307831468789d0",
    "https://jspm.dev/npm:caniuse-lite@1.0.30001488/dist/unpacker/agents!cjs": "c39b140a1329a6a41c449086cac6b8be97fc054d32b56fdd26789a8631228029",
    "https://jspm.dev/npm:caniuse-lite@1.0.30001488/dist/unpacker/feature!cjs": "0a505d5a46068f6629bce3bb5f254bcf5913127220ab4c7f2c273cd5ca91718d",
    "https://jspm.dev/npm:caniuse-lite@1/data/features/background-clip-text!cjs": "3ce86ae85ab424e46da5c735a1d2ba35ccb4e4450e6b29864dc8d3698c05453f",
    "https://jspm.dev/npm:caniuse-lite@1/data/features/background-img-opts!cjs": "8b6abd22bdd261d4f5fa36aebfde726424e928046697f3f5cad4f75518d2d150",
    "https://jspm.dev/npm:caniuse-lite@1/data/features/border-image!cjs": "988a1bcc1503d3c74f8d8e3e7ef2dcaaf69a9f7e5ba4b270d776eb034602bff8",
    "https://jspm.dev/npm:caniuse-lite@1/data/features/border-radius!cjs": "6069a4213feffd14811c46cbeaf143793768590623085792c2b64a9df0529909",
    "https://jspm.dev/npm:caniuse-lite@1/data/features/calc!cjs": "2e2ad08909dc354c4798a3542cc00254f9d1d9ec803047311aac48ecb0a781a9",
    "https://jspm.dev/npm:caniuse-lite@1/data/features/css-animation!cjs": "14cd918ff836b477bc6f70017638c760faef6ab5332eed46ee1e30d075ed1885",
    "https://jspm.dev/npm:caniuse-lite@1/data/features/css-any-link!cjs": "6eae03b9a9222183865386d5448445e50472d7d148a215c2f6589610785a6ad2",
    "https://jspm.dev/npm:caniuse-lite@1/data/features/css-appearance!cjs": "ba197e708045dc76b012e8e4f5c42ffabc92e5663c145a6a7a24fcc06233cd6b",
    "https://jspm.dev/npm:caniuse-lite@1/data/features/css-autofill!cjs": "cc2810b9833e060234da58af65f8eded4af4719652b1bc42969c578069dd500f",
    "https://jspm.dev/npm:caniuse-lite@1/data/features/css-backdrop-filter!cjs": "745e9c6e33fc1f9b402584051451934381768c192e7f2cc3363350e0d5863116",
    "https://jspm.dev/npm:caniuse-lite@1/data/features/css-boxdecorationbreak!cjs": "d5add0adb1b2f95e165ca50e8beb3421a1d176f1ffae3b6aaf4a32ad69cb3650",
    "https://jspm.dev/npm:caniuse-lite@1/data/features/css-boxshadow!cjs": "cb74224cf711f04c06d2bc51330e96fa7f20b91e36962e3a883816576b2a44f6",
    "https://jspm.dev/npm:caniuse-lite@1/data/features/css-clip-path!cjs": "00ec4df23e707616372e8985c0e318e6a9ba5f3da28a9173907bb0add6eaa921",
    "https://jspm.dev/npm:caniuse-lite@1/data/features/css-crisp-edges!cjs": "7bd936c3caf5e37f824ae0693c74611e6d2608025f1c40afc0b200f02c6662f8",
    "https://jspm.dev/npm:caniuse-lite@1/data/features/css-cross-fade!cjs": "ca866006e2a2e50e8430b3e572cfd0ec14c7647333e06626008fd9aa7655e713",
    "https://jspm.dev/npm:caniuse-lite@1/data/features/css-deviceadaptation!cjs": "75c7d4eeb295b7bcc1849a9ec218bb3d22a197ce98a651500cd9e82c71df32fc",
    "https://jspm.dev/npm:caniuse-lite@1/data/features/css-element-function!cjs": "e511a3b36a5ed1e5aab3249a7a22c1f76e6a75785b9c48aac27d555b564b61ed",
    "https://jspm.dev/npm:caniuse-lite@1/data/features/css-featurequeries.js!cjs": "90b82c6581568f03b570298003ee3d4e090514ad3e96ceb886960949ddf4f604",
    "https://jspm.dev/npm:caniuse-lite@1/data/features/css-file-selector-button!cjs": "ec1c48a0e7ae5ef003980cae4a96c7eba337d49eeaf9c649b7f1954c6a98f918",
    "https://jspm.dev/npm:caniuse-lite@1/data/features/css-filter-function!cjs": "db76e18abe7c73901fa43aa7c19a65dc840e3b8e86dac4a6a40be3cebc412eaf",
    "https://jspm.dev/npm:caniuse-lite@1/data/features/css-filters!cjs": "2c94ec4324b658168160abafd7189064a9ccf2c3c65bb8fa78238d054a99bf7d",
    "https://jspm.dev/npm:caniuse-lite@1/data/features/css-gradients!cjs": "3b0dc9dff4d5c753f95c8ed839bbad3e17acd8961941e45dbac9ee14268f16d8",
    "https://jspm.dev/npm:caniuse-lite@1/data/features/css-grid!cjs": "138435ea3b92df0f9a22b68fd446dbc38a0df062b986b8a8a0fcc1fa8cfccbda",
    "https://jspm.dev/npm:caniuse-lite@1/data/features/css-hyphens!cjs": "bae9062ce4681a9bfd1a80f121177cec57e0590ce7fe6dcfdec553b73878d096",
    "https://jspm.dev/npm:caniuse-lite@1/data/features/css-image-set!cjs": "863834a898287edc9706f7c79544d23b2689f12ddc306a3882e7c78b34af7d6a",
    "https://jspm.dev/npm:caniuse-lite@1/data/features/css-logical-props!cjs": "6ebcb57e55fee6441389c4f8bd3cc0333d00a63ede0db9393eb5eb64a5e3a2c2",
    "https://jspm.dev/npm:caniuse-lite@1/data/features/css-masks!cjs": "a1a78637b7eda6823ed8874bb10f3f485b49c2a23149acf18ade39a7db94bfe4",
    "https://jspm.dev/npm:caniuse-lite@1/data/features/css-media-resolution!cjs": "f05f00b605fd105f3f70b83ea32ac13f3374b2179a61e2e797b343c37bb64912",
    "https://jspm.dev/npm:caniuse-lite@1/data/features/css-overscroll-behavior!cjs": "c62a4cf0a6c0cbee1ab2190956cbf28d4a2fe333294ba1b9796fa44361c9506c",
    "https://jspm.dev/npm:caniuse-lite@1/data/features/css-placeholder!cjs": "05ab7e4f88f2b88b13f0aa9a92a27d51a22b4ccac1fc90442b30d529a5b6d19c",
    "https://jspm.dev/npm:caniuse-lite@1/data/features/css-placeholder-shown!cjs": "8b155393d92ddbe0a4019024dea46d53eb5a2ad2f1836c19dc8d7643c99b1248",
    "https://jspm.dev/npm:caniuse-lite@1/data/features/css-print-color-adjust!cjs": "62120fe6296e02aba7fee3ae5d119b5a36f80c15fe75f996d74e1c028fb929c9",
    "https://jspm.dev/npm:caniuse-lite@1/data/features/css-read-only-write!cjs": "ddb2aae40e633d75199f299b0b96a202c30aefb4c8d07c279b217ba2826a822f",
    "https://jspm.dev/npm:caniuse-lite@1/data/features/css-regions!cjs": "5402f9bfa20628577493ad3603b227f47198610979745d41f17c6d6cb3f4e1cd",
    "https://jspm.dev/npm:caniuse-lite@1/data/features/css-selection!cjs": "bede68c6fb96e67cb0b2505c4f7c54f0c371f92640bf042ca4ebb4f0c3643233",
    "https://jspm.dev/npm:caniuse-lite@1/data/features/css-shapes!cjs": "b49ec5a57d7868b096477c7b08493e6888d2400386cabc5854091fbc2fc5b3ad",
    "https://jspm.dev/npm:caniuse-lite@1/data/features/css-snappoints!cjs": "95251a7fc36a72874f1fe2a36dbf69f17c0a71bd1a62dcc9b1c7f834185ae1d1",
    "https://jspm.dev/npm:caniuse-lite@1/data/features/css-sticky!cjs": "8f5e9596cc60e64a77a0bcc634d69a2f848e7c61d40056638dd934fb54f37337",
    "https://jspm.dev/npm:caniuse-lite@1/data/features/css-text-align-last!cjs": "f9b0e6249405375ceb2f113da8a283768f18a43488249c472249531e25d7e768",
    "https://jspm.dev/npm:caniuse-lite@1/data/features/css-text-orientation!cjs": "afd01baaea9cdf412b969520392b167659b3371fbcf9c7eeea0cf4d5473aa442",
    "https://jspm.dev/npm:caniuse-lite@1/data/features/css-text-spacing!cjs": "2fea39023d18a4fc2ffc9872c5e998c9f34a53a7f2fd0eb3af9be185ab8b23c4",
    "https://jspm.dev/npm:caniuse-lite@1/data/features/css-transitions!cjs": "47de71a0ac14550450bf847102e21605ef184eba48099e074ae409da122acb28",
    "https://jspm.dev/npm:caniuse-lite@1/data/features/css-width-stretch!cjs": "a985f1ad6d8f2f3195da32b1f77f6ff8d6f9a624c48ec83548d0ff72db29f291",
    "https://jspm.dev/npm:caniuse-lite@1/data/features/css-writing-mode!cjs": "dc8352b6e64283784fc739622db95d19ca0b249ec7cc76590b42026ed687cbcd",
    "https://jspm.dev/npm:caniuse-lite@1/data/features/css3-boxsizing!cjs": "67095c3a8d6ba18abd6ef3af33182d13f253325381ee510f40c7ea7d99c5bd01",
    "https://jspm.dev/npm:caniuse-lite@1/data/features/css3-cursors-grab!cjs": "53bf5ced0a7664e6e98216e2160070efbc86827eb6631a4929280a8e7bfe5c86",
    "https://jspm.dev/npm:caniuse-lite@1/data/features/css3-cursors-newer!cjs": "79adf39ff00a35146327f6faf472ea56c7a964e89cce451ff787ed9f3544fa15",
    "https://jspm.dev/npm:caniuse-lite@1/data/features/css3-tabsize!cjs": "46f163cb342653cb363c9543e6cd285febc7029f437274d606ba550edf91e24b",
    "https://jspm.dev/npm:caniuse-lite@1/data/features/flexbox!cjs": "cfe870c7e10d90d11c620b367de6b86b468429f8ba7535f31b862e795b317405",
    "https://jspm.dev/npm:caniuse-lite@1/data/features/font-feature!cjs": "78a5f9e311f501f3ff1b40d4962849791bcaa37ae9d1bd7e9ab5b3db57be7d61",
    "https://jspm.dev/npm:caniuse-lite@1/data/features/font-kerning!cjs": "9a33619b9f13de877dcc48a500968662218e80cfb839537e3c18e3349803a063",
    "https://jspm.dev/npm:caniuse-lite@1/data/features/fullscreen!cjs": "883771c8cf22fcc5215fc7dce40fe3e89f2f4bf36b1d584532fc76e599df48d3",
    "https://jspm.dev/npm:caniuse-lite@1/data/features/intrinsic-width!cjs": "1e469b24074aa9cab3e85b467ad36581cebe83a4dbcb40aa1710c5dd6a94b5bd",
    "https://jspm.dev/npm:caniuse-lite@1/data/features/mdn-css-unicode-bidi-isolate!cjs": "25f643221766b0e5f676d666a410cf39fa7bbbe93320f9062e63b7892c9f12f5",
    "https://jspm.dev/npm:caniuse-lite@1/data/features/mdn-css-unicode-bidi-isolate-override!cjs": "c76cd38b99a867b83da2478f015a6426aa7b52c9f718b8e305dde4506f3ace3d",
    "https://jspm.dev/npm:caniuse-lite@1/data/features/mdn-css-unicode-bidi-plaintext!cjs": "7f4951a71961d62b26cb4c1d750e3b3eaa98e2459a2b6655f2ed2b35813206c2",
    "https://jspm.dev/npm:caniuse-lite@1/data/features/mdn-text-decoration-color!cjs": "54ce3ffe161ca2da815df17372f6fe17ac1119cfe3f7c7c37368f4c623f20eb8",
    "https://jspm.dev/npm:caniuse-lite@1/data/features/mdn-text-decoration-line!cjs": "00527f1c04ceaf60f344b68a0006c898c8b2b6c3907ea06c2f7511f62ff6a9e7",
    "https://jspm.dev/npm:caniuse-lite@1/data/features/mdn-text-decoration-shorthand!cjs": "7707dcb46c7ee4b774d45d7d8d1c967f6a634d1fac333a87d690f47abb244f55",
    "https://jspm.dev/npm:caniuse-lite@1/data/features/mdn-text-decoration-style!cjs": "ea6329aab145ffaa1110d3154533588fd7ee048ce72cc8926185ee809dbed7d5",
    "https://jspm.dev/npm:caniuse-lite@1/data/features/multicolumn!cjs": "0d6bd0918da18d450d255dbf296240a03a573b9256b4a42ef342c18253a5ebbd",
    "https://jspm.dev/npm:caniuse-lite@1/data/features/object-fit!cjs": "52728fa2f47885ff2060b9a2c595a69acfb22d4b5c545c162335ed97840337c7",
    "https://jspm.dev/npm:caniuse-lite@1/data/features/pointer!cjs": "4840a6d6c4cea5a78307f1f3fe64cb73804d84a894ec549112ea548b5fa2b254",
    "https://jspm.dev/npm:caniuse-lite@1/data/features/text-decoration!cjs": "a183a657993801fa4ad93498013a375377d4fe124f24e57fb2f16a3ab4d22d67",
    "https://jspm.dev/npm:caniuse-lite@1/data/features/text-emphasis!cjs": "a51653640fd2b1d19aaa999b4f95f32b6f58ddd01a8b96e6fa4c186ad0c1446d",
    "https://jspm.dev/npm:caniuse-lite@1/data/features/text-overflow!cjs": "3b8ac8b8f15d228b9206c77f91ab06c0116b1969fc65096b0c7d75fca6680edb",
    "https://jspm.dev/npm:caniuse-lite@1/data/features/text-size-adjust!cjs": "4e61b1345196fad65f448dce2cca3caffceb0bbd769e49583d24f148285b8c1c",
    "https://jspm.dev/npm:caniuse-lite@1/data/features/transforms2d!cjs": "a036dba7a893f7fc1ae2cd7a62fcbc1935719a3cfadb3e92f2ff0a7601336098",
    "https://jspm.dev/npm:caniuse-lite@1/data/features/transforms3d!cjs": "c5c9f24fe7f3d3b03ae4050e1665fe78e106e8256d3f98dd8f43e922f8e95753",
    "https://jspm.dev/npm:caniuse-lite@1/data/features/user-select-none!cjs": "0b27963654169a3a82077778bd470450f203a8294045af0b16179b3ea7998f37",
    "https://jspm.dev/npm:caniuse-lite@1/dist/unpacker/agents!cjs": "7171bab3965dd0cbf17e3847e643290b5f75ab852256528cadbee24e3ad6e3ce",
    "https://jspm.dev/npm:caniuse-lite@1/dist/unpacker/feature!cjs": "99efda61c37f1f347a3f79044a5bb787dc04529060befc3b6d69acb0edeaa8ea",
    "https://jspm.dev/npm:electron-to-chromium@1.4.402/versions!cjs": "d5a2d19b16a61b7e8a3ef2adaf5e1ca4c643753570b961f6f4ed9831440942cd",
    "https://jspm.dev/npm:electron-to-chromium@1/versions!cjs": "b2f7f84edeaf532e04cc5aea8141b5fda71d60ceffd8b117709e4d321c0b56fb",
    "https://jspm.dev/npm:fraction.js@4!cjs": "49a87adcd2c796307493aa0571e9a832eaf46310bac188846a26f15fc2454641",
    "https://jspm.dev/npm:fraction.js@4.2.0!cjs": "1f55fcf645b94bd08ce7bf98550acd29209522c4921483b27052ec7aefbd00ef",
    "https://jspm.dev/npm:nanoid@3.3.6/non-secure!cjs": "5a383996c4639cf0f4b4c8a5d21bc6d45ad8d90374a35f378ce9a8d562e3ecd7",
    "https://jspm.dev/npm:nanoid@3/non-secure!cjs": "886affae672a154b2a6d363b5bffe40289bb9cb0015c558d4c558c90d1482aae",
    "https://jspm.dev/npm:node-releases@2.0.11/data/processed/envs.json!cjs": "257686f7c988994a59a3c2974747df47e542cbc7c9f569ed0b5e7f22dbaa70e1",
    "https://jspm.dev/npm:node-releases@2.0.11/data/release-schedule/release-schedule.json!cjs": "1e6d58a68cc4131d4d8dcb9a69dc6ed2caf60dfeb3fe2b0361f0034e5968bad5",
    "https://jspm.dev/npm:node-releases@2/data/processed/envs.json!cjs": "34be3f1a1f1b4e4bbfec0395d83ba4033be2af1e1dbbc60f1b051a9fcc7d3388",
    "https://jspm.dev/npm:node-releases@2/data/release-schedule/release-schedule.json!cjs": "85e7e1d3e0d2437fb20e882940d10dd185ccae082113f0e13d83e1a236f82f39",
    "https://jspm.dev/npm:normalize-range@0.1!cjs": "c446def75fb8646fd5a6c277373ba2a48d7638d7f0576a1955a88348defc195e",
    "https://jspm.dev/npm:normalize-range@0.1.2!cjs": "93885e3e66593508b038b2833feec65426a48b63264b6ce710b9e66c713caa5a",
    "https://jspm.dev/npm:picocolors@1!cjs": "4f5dab66de9900140231287442fd01b7da710948b7599140532cac630f78353e",
    "https://jspm.dev/npm:picocolors@1.0.0!cjs": "4b96788af3fc8b0b881657dfcd8d0c50d14e5403915e2f9070e5c7caf11bcd5e",
    "https://jspm.dev/npm:postcss-value-parser@4!cjs": "93b18e24a423f62463b74e1c5097c96e1f5314ae70608dc437ff83a721ac388c",
    "https://jspm.dev/npm:postcss-value-parser@4.2.0!cjs": "3bd71cc4b11f496846e7a3a55fd8e7076c0e9b748a8ebadd05474e7813b6d968",
    "https://jspm.dev/npm:postcss-value-parser@4.2.0/lib/unit!cjs": "7cbed075f7972edd3a299c6822daedd06b09d027923500ec660f24b15b6a7dac",
    "https://jspm.dev/npm:postcss@8!cjs": "7812f2a9bff49f36f7524d882f0b09841019f5da1f60524ab30e559ff60ec6f6",
    "https://jspm.dev/npm:postcss@8.4.23!cjs": "15b721dc476350c72281180778210ce2bac3b888bf7e0dd179f079b71537c909",
    "https://jspm.dev/npm:postcss@8.4.23/_/c02d6807.js": "59b6eee774387768e5191b8485517fd6af8a8878e2a2292c9709ae25ccab3dfb",
    "https://jspm.dev/npm:postcss@8.4.23/lib/at-rule!cjs": "490f8c5aa136db0668d14ec6e3ca19cdecd7b6b958480f00aa2cc884dd1b0a16",
    "https://jspm.dev/npm:postcss@8.4.23/lib/comment!cjs": "e3e0c545c5b5a9370bf282bbbabf55761cc3d9d5d34d525ff8571da59fb91007",
    "https://jspm.dev/npm:postcss@8.4.23/lib/container!cjs": "2cb413b41677e16c0b0e5676427504df4470f6d88830e59f4a722a0ce2adeb23",
    "https://jspm.dev/npm:postcss@8.4.23/lib/css-syntax-error!cjs": "36b6961245bb28f3769fa098a33eec457fc06be848e8f198f89d3b001260b507",
    "https://jspm.dev/npm:postcss@8.4.23/lib/declaration!cjs": "ff4207049980976026a5e692779a8393a9f9604e1f4bce488e42ffd85da95542",
    "https://jspm.dev/npm:postcss@8.4.23/lib/fromJSON!cjs": "b73bf63e0c4ee10d53b531f60bbe5539b2ee6bc8ecd8a73115a09f0cbbd85743",
    "https://jspm.dev/npm:postcss@8.4.23/lib/input!cjs": "558aafd5572be0fad636d6e5f040eef1bf7e46690061d9ae521d5fb075460b97",
    "https://jspm.dev/npm:postcss@8.4.23/lib/list!cjs": "d24b0d1f534a7905da0fcdd215337a61e92cc1db2e233206c054ec2b8af1cd78",
    "https://jspm.dev/npm:postcss@8.4.23/lib/map-generator!cjs": "adfea10b4aa40261b2173b7dd1814493ac7d903031eea18198f90b3bb5ea0034",
    "https://jspm.dev/npm:postcss@8.4.23/lib/no-work-result!cjs": "739cc26ded8f5e46fe090222e9e82a60c84e9da6280de6e1ebb6dd7e1c993511",
    "https://jspm.dev/npm:postcss@8.4.23/lib/node!cjs": "2959e5ad5ccbf27c2ea92e53fe62589c4c5a7b96f710ebd1cc10dc07a815e47c",
    "https://jspm.dev/npm:postcss@8.4.23/lib/parse!cjs": "bee20f5af054da44056a4db6f2d0d59b798941aeb73bea6566641471f76c7211",
    "https://jspm.dev/npm:postcss@8.4.23/lib/parser!cjs": "cdb6e0f8eab9b80d36f473ee7343cd61bea93800eab41964cabc52fbfcc01589",
    "https://jspm.dev/npm:postcss@8.4.23/lib/previous-map!cjs": "f7d9cf75fbd7764c213defa725f0daa9a6b3f9886a256cfd12cdc72231e0a8e2",
    "https://jspm.dev/npm:postcss@8.4.23/lib/processor!cjs": "f699ac0c12335f92ab4ed856677355d8519643e9297ba9101b2e49ed914d7ec3",
    "https://jspm.dev/npm:postcss@8.4.23/lib/result!cjs": "2bb09ad37f8ef4c0f5fc263887250f9600f7a97a7815469c78d0e855d3fc72bb",
    "https://jspm.dev/npm:postcss@8.4.23/lib/root!cjs": "db32150f9fdacce3a4ae20cfec7b17949c49897d036a47a723387f6f1bb18ae3",
    "https://jspm.dev/npm:postcss@8.4.23/lib/rule!cjs": "febf80782a25c11f2b8782e9f30bbb12de199c7d8225d699a4404690ab2baa34",
    "https://jspm.dev/npm:postcss@8.4.23/lib/stringifier!cjs": "3d9c8c4978c599144d16afe98357ab220ba1b37bc373a8756b899a0bdb4603a9",
    "https://jspm.dev/npm:postcss@8.4.23/lib/stringify!cjs": "df346598c9dbc03d57a90b3202669b0214c93efae7ff0e99edb45ea5c601735d",
    "https://jspm.dev/npm:postcss@8.4.23/lib/symbols!cjs": "130cb1076953cbc3164e35c07425eabc45d557dca7697d385748edd6a7a801ca",
    "https://jspm.dev/npm:postcss@8.4.23/lib/terminal-highlight!cjs": "b2440b7b2762b73cdaaf0684aef53fa9e2dbd3409166100633504011c30c103b",
    "https://jspm.dev/npm:postcss@8.4.23/lib/tokenize!cjs": "32b2565a3ad53cc794bad747cc16f320a148426e7be3be4fae8f57d7c9305d43",
    "https://jspm.dev/npm:postcss@8.4.23/lib/warn-once!cjs": "0e54923b13afeaa3a3c9854efd3093f28367ef300ddbed9052e9abb7729392cd",
    "https://jspm.dev/npm:postcss@8.4.23/lib/warning!cjs": "2789e4f3492c4db9c595a30cab17f4b1636b6ab7992ff1f6de70426775698d39",
    "https://jspm.dev/npm:source-map-js@1!cjs": "18c9c42cab3cf6402b6713ccf48e9a71ac0ff73ca12bc3402cf241966a6d46b5",
    "https://jspm.dev/npm:source-map-js@1.0.2!cjs": "10c5de636a5cfaf685ff50681fc51fb11fb6080f9c7ee4588c54f4f6666a75e7",
    "https://jspm.dev/npm:source-map-js@1.0.2/_/0e8391b9.js": "ddc90da0f53367e57b3631428741df16d4d61835969d799e49983214d9a44bd2"
  },
  "npm": {
    "specifiers": {
      "@sveltejs/vite-plugin-svelte@^2.0.2": "@sveltejs/vite-plugin-svelte@2.2.0_svelte@3.59.1_vite@4.3.8",
      "postcss-nesting@11.2.2": "postcss-nesting@11.2.2_postcss@8.4.23_postcss-selector-parser@6.0.13",
      "svelte@^3.54.0": "svelte@3.59.1",
      "vite": "vite@4.3.8",
      "vite@^4.0.4": "vite@4.3.8"
    },
    "packages": {
      "@csstools/selector-specificity@2.2.0_postcss-selector-parser@6.0.13": {
        "integrity": "sha512-+OJ9konv95ClSTOJCmMZqpd5+YGsB2S+x6w3E1oaM8UuR5j8nTNHYSz8c9BEPGDOCMQYIEEGlVPj/VY64iTbGw==",
        "dependencies": {
          "postcss-selector-parser": "postcss-selector-parser@6.0.13"
        }
      },
      "@esbuild/android-arm64@0.17.19": {
        "integrity": "sha512-KBMWvEZooR7+kzY0BtbTQn0OAYY7CsiydT63pVEaPtVYF0hXbUaOyZog37DKxK7NF3XacBJOpYT4adIJh+avxA==",
        "dependencies": {}
      },
      "@esbuild/android-arm@0.17.19": {
        "integrity": "sha512-rIKddzqhmav7MSmoFCmDIb6e2W57geRsM94gV2l38fzhXMwq7hZoClug9USI2pFRGL06f4IOPHHpFNOkWieR8A==",
        "dependencies": {}
      },
      "@esbuild/android-x64@0.17.19": {
        "integrity": "sha512-uUTTc4xGNDT7YSArp/zbtmbhO0uEEK9/ETW29Wk1thYUJBz3IVnvgEiEwEa9IeLyvnpKrWK64Utw2bgUmDveww==",
        "dependencies": {}
      },
      "@esbuild/darwin-arm64@0.17.19": {
        "integrity": "sha512-80wEoCfF/hFKM6WE1FyBHc9SfUblloAWx6FJkFWTWiCoht9Mc0ARGEM47e67W9rI09YoUxJL68WHfDRYEAvOhg==",
        "dependencies": {}
      },
      "@esbuild/darwin-x64@0.17.19": {
        "integrity": "sha512-IJM4JJsLhRYr9xdtLytPLSH9k/oxR3boaUIYiHkAawtwNOXKE8KoU8tMvryogdcT8AU+Bflmh81Xn6Q0vTZbQw==",
        "dependencies": {}
      },
      "@esbuild/freebsd-arm64@0.17.19": {
        "integrity": "sha512-pBwbc7DufluUeGdjSU5Si+P3SoMF5DQ/F/UmTSb8HXO80ZEAJmrykPyzo1IfNbAoaqw48YRpv8shwd1NoI0jcQ==",
        "dependencies": {}
      },
      "@esbuild/freebsd-x64@0.17.19": {
        "integrity": "sha512-4lu+n8Wk0XlajEhbEffdy2xy53dpR06SlzvhGByyg36qJw6Kpfk7cp45DR/62aPH9mtJRmIyrXAS5UWBrJT6TQ==",
        "dependencies": {}
      },
      "@esbuild/linux-arm64@0.17.19": {
        "integrity": "sha512-ct1Tg3WGwd3P+oZYqic+YZF4snNl2bsnMKRkb3ozHmnM0dGWuxcPTTntAF6bOP0Sp4x0PjSF+4uHQ1xvxfRKqg==",
        "dependencies": {}
      },
      "@esbuild/linux-arm@0.17.19": {
        "integrity": "sha512-cdmT3KxjlOQ/gZ2cjfrQOtmhG4HJs6hhvm3mWSRDPtZ/lP5oe8FWceS10JaSJC13GBd4eH/haHnqf7hhGNLerA==",
        "dependencies": {}
      },
      "@esbuild/linux-ia32@0.17.19": {
        "integrity": "sha512-w4IRhSy1VbsNxHRQpeGCHEmibqdTUx61Vc38APcsRbuVgK0OPEnQ0YD39Brymn96mOx48Y2laBQGqgZ0j9w6SQ==",
        "dependencies": {}
      },
      "@esbuild/linux-loong64@0.17.19": {
        "integrity": "sha512-2iAngUbBPMq439a+z//gE+9WBldoMp1s5GWsUSgqHLzLJ9WoZLZhpwWuym0u0u/4XmZ3gpHmzV84PonE+9IIdQ==",
        "dependencies": {}
      },
      "@esbuild/linux-mips64el@0.17.19": {
        "integrity": "sha512-LKJltc4LVdMKHsrFe4MGNPp0hqDFA1Wpt3jE1gEyM3nKUvOiO//9PheZZHfYRfYl6AwdTH4aTcXSqBerX0ml4A==",
        "dependencies": {}
      },
      "@esbuild/linux-ppc64@0.17.19": {
        "integrity": "sha512-/c/DGybs95WXNS8y3Ti/ytqETiW7EU44MEKuCAcpPto3YjQbyK3IQVKfF6nbghD7EcLUGl0NbiL5Rt5DMhn5tg==",
        "dependencies": {}
      },
      "@esbuild/linux-riscv64@0.17.19": {
        "integrity": "sha512-FC3nUAWhvFoutlhAkgHf8f5HwFWUL6bYdvLc/TTuxKlvLi3+pPzdZiFKSWz/PF30TB1K19SuCxDTI5KcqASJqA==",
        "dependencies": {}
      },
      "@esbuild/linux-s390x@0.17.19": {
        "integrity": "sha512-IbFsFbxMWLuKEbH+7sTkKzL6NJmG2vRyy6K7JJo55w+8xDk7RElYn6xvXtDW8HCfoKBFK69f3pgBJSUSQPr+4Q==",
        "dependencies": {}
      },
      "@esbuild/linux-x64@0.17.19": {
        "integrity": "sha512-68ngA9lg2H6zkZcyp22tsVt38mlhWde8l3eJLWkyLrp4HwMUr3c1s/M2t7+kHIhvMjglIBrFpncX1SzMckomGw==",
        "dependencies": {}
      },
      "@esbuild/netbsd-x64@0.17.19": {
        "integrity": "sha512-CwFq42rXCR8TYIjIfpXCbRX0rp1jo6cPIUPSaWwzbVI4aOfX96OXY8M6KNmtPcg7QjYeDmN+DD0Wp3LaBOLf4Q==",
        "dependencies": {}
      },
      "@esbuild/openbsd-x64@0.17.19": {
        "integrity": "sha512-cnq5brJYrSZ2CF6c35eCmviIN3k3RczmHz8eYaVlNasVqsNY+JKohZU5MKmaOI+KkllCdzOKKdPs762VCPC20g==",
        "dependencies": {}
      },
      "@esbuild/sunos-x64@0.17.19": {
        "integrity": "sha512-vCRT7yP3zX+bKWFeP/zdS6SqdWB8OIpaRq/mbXQxTGHnIxspRtigpkUcDMlSCOejlHowLqII7K2JKevwyRP2rg==",
        "dependencies": {}
      },
      "@esbuild/win32-arm64@0.17.19": {
        "integrity": "sha512-yYx+8jwowUstVdorcMdNlzklLYhPxjniHWFKgRqH7IFlUEa0Umu3KuYplf1HUZZ422e3NU9F4LGb+4O0Kdcaag==",
        "dependencies": {}
      },
      "@esbuild/win32-ia32@0.17.19": {
        "integrity": "sha512-eggDKanJszUtCdlVs0RB+h35wNlb5v4TWEkq4vZcmVt5u/HiDZrTXe2bWFQUez3RgNHwx/x4sk5++4NSSicKkw==",
        "dependencies": {}
      },
      "@esbuild/win32-x64@0.17.19": {
        "integrity": "sha512-lAhycmKnVOuRYNtRtatQR1LPQf2oYCkRGkSFnseDAKPl8lu5SOsK/e1sXe5a0Pc5kHIHe6P2I/ilntNv2xf3cA==",
        "dependencies": {}
      },
      "@jridgewell/sourcemap-codec@1.4.15": {
        "integrity": "sha512-eF2rxCRulEKXHTRiDrDy6erMYWqNw4LPdQ8UQA4huuxaQsVeRPFl2oM8oDGxMFhJUWZf9McpLtJasDDZb/Bpeg==",
        "dependencies": {}
      },
      "@sveltejs/vite-plugin-svelte@2.2.0_svelte@3.59.1_vite@4.3.8": {
        "integrity": "sha512-KDtdva+FZrZlyug15KlbXuubntAPKcBau0K7QhAIqC5SAy0uDbjZwoexDRx0L0J2T4niEfC6FnA9GuQQJKg+Aw==",
        "dependencies": {
          "debug": "debug@4.3.4",
          "deepmerge": "deepmerge@4.3.1",
          "kleur": "kleur@4.1.5",
          "magic-string": "magic-string@0.30.0",
          "svelte": "svelte@3.59.1",
          "svelte-hmr": "svelte-hmr@0.15.1_svelte@3.59.1",
          "vite": "vite@4.3.8",
          "vitefu": "vitefu@0.2.4_vite@4.3.8"
        }
      },
      "cssesc@3.0.0": {
        "integrity": "sha512-/Tb/JcjK111nNScGob5MNtsntNM1aCNUDipB/TkwZFhyDrrE47SOx/18wF2bbjgc3ZzCSKW1T5nt5EbFoAz/Vg==",
        "dependencies": {}
      },
      "debug@4.3.4": {
        "integrity": "sha512-PRWFHuSU3eDtQJPvnNY7Jcket1j0t5OuOsFzPPzsekD52Zl8qUfFIPEiswXqIvHWGVHOgX+7G/vCNNhehwxfkQ==",
        "dependencies": {
          "ms": "ms@2.1.2"
        }
      },
      "deepmerge@4.3.1": {
        "integrity": "sha512-3sUqbMEc77XqpdNO7FRyRog+eW3ph+GYCbj+rK+uYyRMuwsVy0rMiVtPn+QJlKFvWP/1PYpapqYn0Me2knFn+A==",
        "dependencies": {}
      },
      "esbuild@0.17.19": {
        "integrity": "sha512-XQ0jAPFkK/u3LcVRcvVHQcTIqD6E2H1fvZMA5dQPSOWb3suUbWbfbRf94pjc0bNzRYLfIrDRQXr7X+LHIm5oHw==",
        "dependencies": {
          "@esbuild/android-arm": "@esbuild/android-arm@0.17.19",
          "@esbuild/android-arm64": "@esbuild/android-arm64@0.17.19",
          "@esbuild/android-x64": "@esbuild/android-x64@0.17.19",
          "@esbuild/darwin-arm64": "@esbuild/darwin-arm64@0.17.19",
          "@esbuild/darwin-x64": "@esbuild/darwin-x64@0.17.19",
          "@esbuild/freebsd-arm64": "@esbuild/freebsd-arm64@0.17.19",
          "@esbuild/freebsd-x64": "@esbuild/freebsd-x64@0.17.19",
          "@esbuild/linux-arm": "@esbuild/linux-arm@0.17.19",
          "@esbuild/linux-arm64": "@esbuild/linux-arm64@0.17.19",
          "@esbuild/linux-ia32": "@esbuild/linux-ia32@0.17.19",
          "@esbuild/linux-loong64": "@esbuild/linux-loong64@0.17.19",
          "@esbuild/linux-mips64el": "@esbuild/linux-mips64el@0.17.19",
          "@esbuild/linux-ppc64": "@esbuild/linux-ppc64@0.17.19",
          "@esbuild/linux-riscv64": "@esbuild/linux-riscv64@0.17.19",
          "@esbuild/linux-s390x": "@esbuild/linux-s390x@0.17.19",
          "@esbuild/linux-x64": "@esbuild/linux-x64@0.17.19",
          "@esbuild/netbsd-x64": "@esbuild/netbsd-x64@0.17.19",
          "@esbuild/openbsd-x64": "@esbuild/openbsd-x64@0.17.19",
          "@esbuild/sunos-x64": "@esbuild/sunos-x64@0.17.19",
          "@esbuild/win32-arm64": "@esbuild/win32-arm64@0.17.19",
          "@esbuild/win32-ia32": "@esbuild/win32-ia32@0.17.19",
          "@esbuild/win32-x64": "@esbuild/win32-x64@0.17.19"
        }
      },
      "fsevents@2.3.2": {
        "integrity": "sha512-xiqMQR4xAeHTuB9uWm+fFRcIOgKBMiOBP+eXiyT7jsgVCq1bkVygt00oASowB7EdtpOHaaPgKt812P9ab+DDKA==",
        "dependencies": {}
      },
      "kleur@4.1.5": {
        "integrity": "sha512-o+NO+8WrRiQEE4/7nwRJhN1HWpVmJm511pBHUxPLtp0BUISzlBplORYSmTclCnJvQq2tKu/sgl3xVpkc7ZWuQQ==",
        "dependencies": {}
      },
      "magic-string@0.30.0": {
        "integrity": "sha512-LA+31JYDJLs82r2ScLrlz1GjSgu66ZV518eyWT+S8VhyQn/JL0u9MeBOvQMGYiPk1DBiSN9DDMOcXvigJZaViQ==",
        "dependencies": {
          "@jridgewell/sourcemap-codec": "@jridgewell/sourcemap-codec@1.4.15"
        }
      },
      "ms@2.1.2": {
        "integrity": "sha512-sGkPx+VjMtmA6MX27oA4FBFELFCZZ4S4XqeGOXCv68tT+jb3vk/RyaKWP0PTKyWtmLSM0b+adUTEvbs1PEaH2w==",
        "dependencies": {}
      },
      "nanoid@3.3.6": {
        "integrity": "sha512-BGcqMMJuToF7i1rt+2PWSNVnWIkGCU78jBG3RxO/bZlnZPK2Cmi2QaffxGO/2RvWi9sL+FAiRiXMgsyxQ1DIDA==",
        "dependencies": {}
      },
      "picocolors@1.0.0": {
        "integrity": "sha512-1fygroTLlHu66zi26VoTDv8yRgm0Fccecssto+MhsZ0D/DGW2sm8E8AjW7NU5VVTRt5GxbeZ5qBuJr+HyLYkjQ==",
        "dependencies": {}
      },
      "postcss-nesting@11.2.2_postcss@8.4.23_postcss-selector-parser@6.0.13": {
        "integrity": "sha512-aOTiUniAB1bcPE6GGiynWRa6PZFPhOTAm5q3q5cem6QeSijIHHkWr6gs65ukCZMXeak8yXeZVbBJET3VM+HlhA==",
        "dependencies": {
          "@csstools/selector-specificity": "@csstools/selector-specificity@2.2.0_postcss-selector-parser@6.0.13",
          "postcss": "postcss@8.4.23",
          "postcss-selector-parser": "postcss-selector-parser@6.0.13"
        }
      },
      "postcss-selector-parser@6.0.13": {
        "integrity": "sha512-EaV1Gl4mUEV4ddhDnv/xtj7sxwrwxdetHdWUGnT4VJQf+4d05v6lHYZr8N573k5Z0BViss7BDhfWtKS3+sfAqQ==",
        "dependencies": {
          "cssesc": "cssesc@3.0.0",
          "util-deprecate": "util-deprecate@1.0.2"
        }
      },
      "postcss@8.4.23": {
        "integrity": "sha512-bQ3qMcpF6A/YjR55xtoTr0jGOlnPOKAIMdOWiv0EIT6HVPEaJiJB4NLljSbiHoC2RX7DN5Uvjtpbg1NPdwv1oA==",
        "dependencies": {
          "nanoid": "nanoid@3.3.6",
          "picocolors": "picocolors@1.0.0",
          "source-map-js": "source-map-js@1.0.2"
        }
      },
      "rollup@3.22.0": {
        "integrity": "sha512-imsigcWor5Y/dC0rz2q0bBt9PabcL3TORry2hAa6O6BuMvY71bqHyfReAz5qyAqiQATD1m70qdntqBfBQjVWpQ==",
        "dependencies": {
          "fsevents": "fsevents@2.3.2"
        }
      },
      "source-map-js@1.0.2": {
        "integrity": "sha512-R0XvVJ9WusLiqTCEiGCmICCMplcCkIwwR11mOSD9CR5u+IXYdiseeEuXCVAjS54zqwkLcPNnmU4OeJ6tUrWhDw==",
        "dependencies": {}
      },
      "svelte-hmr@0.15.1_svelte@3.59.1": {
        "integrity": "sha512-BiKB4RZ8YSwRKCNVdNxK/GfY+r4Kjgp9jCLEy0DuqAKfmQtpL38cQK3afdpjw4sqSs4PLi3jIPJIFp259NkZtA==",
        "dependencies": {
          "svelte": "svelte@3.59.1"
        }
      },
      "svelte@3.59.1": {
        "integrity": "sha512-pKj8fEBmqf6mq3/NfrB9SLtcJcUvjYSWyePlfCqN9gujLB25RitWK8PvFzlwim6hD/We35KbPlRteuA6rnPGcQ==",
        "dependencies": {}
      },
      "util-deprecate@1.0.2": {
        "integrity": "sha512-EPD5q1uXyFxJpCrLnCc1nHnq3gOa6DZBocAIiI2TaSCA7VCJ1UJDMagCzIkXNsUYfD1daK//LTEQ8xiIbrHtcw==",
        "dependencies": {}
      },
      "vite@4.3.8": {
        "integrity": "sha512-uYB8PwN7hbMrf4j1xzGDk/lqjsZvCDbt/JC5dyfxc19Pg8kRm14LinK/uq+HSLNswZEoKmweGdtpbnxRtrAXiQ==",
        "dependencies": {
          "esbuild": "esbuild@0.17.19",
          "fsevents": "fsevents@2.3.2",
          "postcss": "postcss@8.4.23",
          "rollup": "rollup@3.22.0"
        }
      },
      "vitefu@0.2.4_vite@4.3.8": {
        "integrity": "sha512-fanAXjSaf9xXtOOeno8wZXIhgia+CZury481LsDaV++lSvcU2R9Ch2bPh3PYFyoHW+w9LqAeYRISVQjUIew14g==",
        "dependencies": {
          "vite": "vite@4.3.8"
        }
      }
    }
  }
}
